// !$*UTF8*$!
{
	archiveVersion = 1;
	classes = {
	};
	objectVersion = 50;
	objects = {

/* Begin PBXBuildFile section */
		3915E5ED25D1C0700087EC3A /* InformationCell.swift in Sources */ = {isa = PBXBuildFile; fileRef = 3915E5EB25D1C0700087EC3A /* InformationCell.swift */; };
		3915E5EE25D1C0700087EC3A /* InformationCell.xib in Resources */ = {isa = PBXBuildFile; fileRef = 3915E5EC25D1C0700087EC3A /* InformationCell.xib */; };
		39160B7725CDBD17003EEE3E /* Constants.swift in Sources */ = {isa = PBXBuildFile; fileRef = 39160B7625CDBD17003EEE3E /* Constants.swift */; };
		39160B7A25CDC882003EEE3E /* RepositoryModel.swift in Sources */ = {isa = PBXBuildFile; fileRef = 39160B7925CDC882003EEE3E /* RepositoryModel.swift */; };
		39160B7E25CDE5A8003EEE3E /* RepositoryManager.swift in Sources */ = {isa = PBXBuildFile; fileRef = 39160B7D25CDE5A8003EEE3E /* RepositoryManager.swift */; };
		39160B8225CDECAA003EEE3E /* RepositoryData.swift in Sources */ = {isa = PBXBuildFile; fileRef = 39160B8125CDECAA003EEE3E /* RepositoryData.swift */; };
		39376C8425CD9655007890BB /* RepositoryCell.swift in Sources */ = {isa = PBXBuildFile; fileRef = 39376C8325CD9655007890BB /* RepositoryCell.swift */; };
		39376C8725CDB72B007890BB /* RespositoryViewController.swift in Sources */ = {isa = PBXBuildFile; fileRef = 39376C8625CDB72B007890BB /* RespositoryViewController.swift */; };
		396CFCCD25CD7840006BF38F /* AppDelegate.swift in Sources */ = {isa = PBXBuildFile; fileRef = 396CFCCC25CD7840006BF38F /* AppDelegate.swift */; };
		396CFCCF25CD7840006BF38F /* SceneDelegate.swift in Sources */ = {isa = PBXBuildFile; fileRef = 396CFCCE25CD7840006BF38F /* SceneDelegate.swift */; };
		396CFCD125CD7840006BF38F /* ViewController.swift in Sources */ = {isa = PBXBuildFile; fileRef = 396CFCD025CD7840006BF38F /* ViewController.swift */; };
		396CFCD425CD7840006BF38F /* Main.storyboard in Resources */ = {isa = PBXBuildFile; fileRef = 396CFCD225CD7840006BF38F /* Main.storyboard */; };
		396CFCD625CD7842006BF38F /* Assets.xcassets in Resources */ = {isa = PBXBuildFile; fileRef = 396CFCD525CD7842006BF38F /* Assets.xcassets */; };
		396CFCD925CD7842006BF38F /* LaunchScreen.storyboard in Resources */ = {isa = PBXBuildFile; fileRef = 396CFCD725CD7842006BF38F /* LaunchScreen.storyboard */; };
/* End PBXBuildFile section */

/* Begin PBXFileReference section */
		3915E5EB25D1C0700087EC3A /* InformationCell.swift */ = {isa = PBXFileReference; lastKnownFileType = sourcecode.swift; path = InformationCell.swift; sourceTree = "<group>"; };
		3915E5EC25D1C0700087EC3A /* InformationCell.xib */ = {isa = PBXFileReference; lastKnownFileType = file.xib; path = InformationCell.xib; sourceTree = "<group>"; };
		39160B7625CDBD17003EEE3E /* Constants.swift */ = {isa = PBXFileReference; lastKnownFileType = sourcecode.swift; path = Constants.swift; sourceTree = "<group>"; };
		39160B7925CDC882003EEE3E /* RepositoryModel.swift */ = {isa = PBXFileReference; lastKnownFileType = sourcecode.swift; path = RepositoryModel.swift; sourceTree = "<group>"; };
		39160B7D25CDE5A8003EEE3E /* RepositoryManager.swift */ = {isa = PBXFileReference; lastKnownFileType = sourcecode.swift; path = RepositoryManager.swift; sourceTree = "<group>"; };
		39160B8125CDECAA003EEE3E /* RepositoryData.swift */ = {isa = PBXFileReference; lastKnownFileType = sourcecode.swift; path = RepositoryData.swift; sourceTree = "<group>"; };
		39376C8325CD9655007890BB /* RepositoryCell.swift */ = {isa = PBXFileReference; lastKnownFileType = sourcecode.swift; path = RepositoryCell.swift; sourceTree = "<group>"; };
		39376C8625CDB72B007890BB /* RespositoryViewController.swift */ = {isa = PBXFileReference; lastKnownFileType = sourcecode.swift; path = RespositoryViewController.swift; sourceTree = "<group>"; };
		396CFCC925CD7840006BF38F /* GitOp.app */ = {isa = PBXFileReference; explicitFileType = wrapper.application; includeInIndex = 0; path = GitOp.app; sourceTree = BUILT_PRODUCTS_DIR; };
		396CFCCC25CD7840006BF38F /* AppDelegate.swift */ = {isa = PBXFileReference; lastKnownFileType = sourcecode.swift; path = AppDelegate.swift; sourceTree = "<group>"; };
		396CFCCE25CD7840006BF38F /* SceneDelegate.swift */ = {isa = PBXFileReference; lastKnownFileType = sourcecode.swift; path = SceneDelegate.swift; sourceTree = "<group>"; };
		396CFCD025CD7840006BF38F /* ViewController.swift */ = {isa = PBXFileReference; lastKnownFileType = sourcecode.swift; path = ViewController.swift; sourceTree = "<group>"; };
		396CFCD325CD7840006BF38F /* Base */ = {isa = PBXFileReference; lastKnownFileType = file.storyboard; name = Base; path = Base.lproj/Main.storyboard; sourceTree = "<group>"; };
		396CFCD525CD7842006BF38F /* Assets.xcassets */ = {isa = PBXFileReference; lastKnownFileType = folder.assetcatalog; path = Assets.xcassets; sourceTree = "<group>"; };
		396CFCD825CD7842006BF38F /* Base */ = {isa = PBXFileReference; lastKnownFileType = file.storyboard; name = Base; path = Base.lproj/LaunchScreen.storyboard; sourceTree = "<group>"; };
		396CFCDA25CD7842006BF38F /* Info.plist */ = {isa = PBXFileReference; lastKnownFileType = text.plist.xml; path = Info.plist; sourceTree = "<group>"; };
/* End PBXFileReference section */

/* Begin PBXFrameworksBuildPhase section */
		396CFCC625CD7840006BF38F /* Frameworks */ = {
			isa = PBXFrameworksBuildPhase;
			buildActionMask = 2147483647;
			files = (
			);
			runOnlyForDeploymentPostprocessing = 0;
		};
/* End PBXFrameworksBuildPhase section */

/* Begin PBXGroup section */
		396CFCC025CD783F006BF38F = {
			isa = PBXGroup;
			children = (
				396CFCCB25CD7840006BF38F /* GitOp */,
				396CFCCA25CD7840006BF38F /* Products */,
			);
			sourceTree = "<group>";
		};
		396CFCCA25CD7840006BF38F /* Products */ = {
			isa = PBXGroup;
			children = (
				396CFCC925CD7840006BF38F /* GitOp.app */,
			);
			name = Products;
			sourceTree = "<group>";
		};
		396CFCCB25CD7840006BF38F /* GitOp */ = {
			isa = PBXGroup;
			children = (
				396CFCCC25CD7840006BF38F /* AppDelegate.swift */,
				396CFCCE25CD7840006BF38F /* SceneDelegate.swift */,
				396CFCD025CD7840006BF38F /* ViewController.swift */,
				39376C8625CDB72B007890BB /* RespositoryViewController.swift */,
				39160B7925CDC882003EEE3E /* RepositoryModel.swift */,
				39160B7D25CDE5A8003EEE3E /* RepositoryManager.swift */,
				39160B8125CDECAA003EEE3E /* RepositoryData.swift */,
				39160B7625CDBD17003EEE3E /* Constants.swift */,
				3915E5EB25D1C0700087EC3A /* InformationCell.swift */,
				3915E5EC25D1C0700087EC3A /* InformationCell.xib */,
				39376C8325CD9655007890BB /* RepositoryCell.swift */,
				396CFCD225CD7840006BF38F /* Main.storyboard */,
				396CFCD525CD7842006BF38F /* Assets.xcassets */,
				396CFCD725CD7842006BF38F /* LaunchScreen.storyboard */,
				396CFCDA25CD7842006BF38F /* Info.plist */,
			);
			path = GitOp;
			sourceTree = "<group>";
		};
/* End PBXGroup section */

/* Begin PBXNativeTarget section */
		396CFCC825CD7840006BF38F /* GitOp */ = {
			isa = PBXNativeTarget;
			buildConfigurationList = 396CFCDD25CD7842006BF38F /* Build configuration list for PBXNativeTarget "GitOp" */;
			buildPhases = (
				396CFCC525CD7840006BF38F /* Sources */,
				396CFCC625CD7840006BF38F /* Frameworks */,
				396CFCC725CD7840006BF38F /* Resources */,
			);
			buildRules = (
			);
			dependencies = (
			);
			name = GitOp;
			productName = GitOp;
			productReference = 396CFCC925CD7840006BF38F /* GitOp.app */;
			productType = "com.apple.product-type.application";
		};
/* End PBXNativeTarget section */

/* Begin PBXProject section */
		396CFCC125CD783F006BF38F /* Project object */ = {
			isa = PBXProject;
			attributes = {
				LastSwiftUpdateCheck = 1220;
				LastUpgradeCheck = 1220;
				TargetAttributes = {
					396CFCC825CD7840006BF38F = {
						CreatedOnToolsVersion = 12.2;
					};
				};
			};
			buildConfigurationList = 396CFCC425CD783F006BF38F /* Build configuration list for PBXProject "GitOp" */;
			compatibilityVersion = "Xcode 9.3";
			developmentRegion = en;
			hasScannedForEncodings = 0;
			knownRegions = (
				en,
				Base,
			);
			mainGroup = 396CFCC025CD783F006BF38F;
			productRefGroup = 396CFCCA25CD7840006BF38F /* Products */;
			projectDirPath = "";
			projectRoot = "";
			targets = (
				396CFCC825CD7840006BF38F /* GitOp */,
			);
		};
/* End PBXProject section */

/* Begin PBXResourcesBuildPhase section */
		396CFCC725CD7840006BF38F /* Resources */ = {
			isa = PBXResourcesBuildPhase;
			buildActionMask = 2147483647;
			files = (
				396CFCD925CD7842006BF38F /* LaunchScreen.storyboard in Resources */,
				396CFCD625CD7842006BF38F /* Assets.xcassets in Resources */,
				3915E5EE25D1C0700087EC3A /* InformationCell.xib in Resources */,
				396CFCD425CD7840006BF38F /* Main.storyboard in Resources */,
			);
			runOnlyForDeploymentPostprocessing = 0;
		};
/* End PBXResourcesBuildPhase section */

/* Begin PBXSourcesBuildPhase section */
		396CFCC525CD7840006BF38F /* Sources */ = {
			isa = PBXSourcesBuildPhase;
			buildActionMask = 2147483647;
			files = (
				396CFCD125CD7840006BF38F /* ViewController.swift in Sources */,
				396CFCCD25CD7840006BF38F /* AppDelegate.swift in Sources */,
				39376C8725CDB72B007890BB /* RespositoryViewController.swift in Sources */,
				396CFCCF25CD7840006BF38F /* SceneDelegate.swift in Sources */,
				39376C8425CD9655007890BB /* RepositoryCell.swift in Sources */,
				39160B8225CDECAA003EEE3E /* RepositoryData.swift in Sources */,
				3915E5ED25D1C0700087EC3A /* InformationCell.swift in Sources */,
				39160B7E25CDE5A8003EEE3E /* RepositoryManager.swift in Sources */,
				39160B7A25CDC882003EEE3E /* RepositoryModel.swift in Sources */,
				39160B7725CDBD17003EEE3E /* Constants.swift in Sources */,
			);
			runOnlyForDeploymentPostprocessing = 0;
		};
/* End PBXSourcesBuildPhase section */

/* Begin PBXVariantGroup section */
		396CFCD225CD7840006BF38F /* Main.storyboard */ = {
			isa = PBXVariantGroup;
			children = (
				396CFCD325CD7840006BF38F /* Base */,
			);
			name = Main.storyboard;
			sourceTree = "<group>";
		};
		396CFCD725CD7842006BF38F /* LaunchScreen.storyboard */ = {
			isa = PBXVariantGroup;
			children = (
				396CFCD825CD7842006BF38F /* Base */,
			);
			name = LaunchScreen.storyboard;
			sourceTree = "<group>";
		};
/* End PBXVariantGroup section */

/* Begin XCBuildConfiguration section */
		396CFCDB25CD7842006BF38F /* Debug */ = {
			isa = XCBuildConfiguration;
			buildSettings = {
				ALWAYS_SEARCH_USER_PATHS = NO;
				CLANG_ANALYZER_NONNULL = YES;
				CLANG_ANALYZER_NUMBER_OBJECT_CONVERSION = YES_AGGRESSIVE;
				CLANG_CXX_LANGUAGE_STANDARD = "gnu++14";
				CLANG_CXX_LIBRARY = "libc++";
				CLANG_ENABLE_MODULES = YES;
				CLANG_ENABLE_OBJC_ARC = YES;
				CLANG_ENABLE_OBJC_WEAK = YES;
				CLANG_WARN_BLOCK_CAPTURE_AUTORELEASING = YES;
				CLANG_WARN_BOOL_CONVERSION = YES;
				CLANG_WARN_COMMA = YES;
				CLANG_WARN_CONSTANT_CONVERSION = YES;
				CLANG_WARN_DEPRECATED_OBJC_IMPLEMENTATIONS = YES;
				CLANG_WARN_DIRECT_OBJC_ISA_USAGE = YES_ERROR;
				CLANG_WARN_DOCUMENTATION_COMMENTS = YES;
				CLANG_WARN_EMPTY_BODY = YES;
				CLANG_WARN_ENUM_CONVERSION = YES;
				CLANG_WARN_INFINITE_RECURSION = YES;
				CLANG_WARN_INT_CONVERSION = YES;
				CLANG_WARN_NON_LITERAL_NULL_CONVERSION = YES;
				CLANG_WARN_OBJC_IMPLICIT_RETAIN_SELF = YES;
				CLANG_WARN_OBJC_LITERAL_CONVERSION = YES;
				CLANG_WARN_OBJC_ROOT_CLASS = YES_ERROR;
				CLANG_WARN_QUOTED_INCLUDE_IN_FRAMEWORK_HEADER = YES;
				CLANG_WARN_RANGE_LOOP_ANALYSIS = YES;
				CLANG_WARN_STRICT_PROTOTYPES = YES;
				CLANG_WARN_SUSPICIOUS_MOVE = YES;
				CLANG_WARN_UNGUARDED_AVAILABILITY = YES_AGGRESSIVE;
				CLANG_WARN_UNREACHABLE_CODE = YES;
				CLANG_WARN__DUPLICATE_METHOD_MATCH = YES;
				COPY_PHASE_STRIP = NO;
				DEBUG_INFORMATION_FORMAT = dwarf;
				ENABLE_STRICT_OBJC_MSGSEND = YES;
				ENABLE_TESTABILITY = YES;
				GCC_C_LANGUAGE_STANDARD = gnu11;
				GCC_DYNAMIC_NO_PIC = NO;
				GCC_NO_COMMON_BLOCKS = YES;
				GCC_OPTIMIZATION_LEVEL = 0;
				GCC_PREPROCESSOR_DEFINITIONS = (
					"DEBUG=1",
					"$(inherited)",
				);
				GCC_WARN_64_TO_32_BIT_CONVERSION = YES;
				GCC_WARN_ABOUT_RETURN_TYPE = YES_ERROR;
				GCC_WARN_UNDECLARED_SELECTOR = YES;
				GCC_WARN_UNINITIALIZED_AUTOS = YES_AGGRESSIVE;
				GCC_WARN_UNUSED_FUNCTION = YES;
				GCC_WARN_UNUSED_VARIABLE = YES;
				IPHONEOS_DEPLOYMENT_TARGET = 14.2;
				MTL_ENABLE_DEBUG_INFO = INCLUDE_SOURCE;
				MTL_FAST_MATH = YES;
				ONLY_ACTIVE_ARCH = YES;
				SDKROOT = iphoneos;
				SWIFT_ACTIVE_COMPILATION_CONDITIONS = DEBUG;
				SWIFT_OPTIMIZATION_LEVEL = "-Onone";
			};
			name = Debug;
		};
		396CFCDC25CD7842006BF38F /* Release */ = {
			isa = XCBuildConfiguration;
			buildSettings = {
				ALWAYS_SEARCH_USER_PATHS = NO;
				CLANG_ANALYZER_NONNULL = YES;
				CLANG_ANALYZER_NUMBER_OBJECT_CONVERSION = YES_AGGRESSIVE;
				CLANG_CXX_LANGUAGE_STANDARD = "gnu++14";
				CLANG_CXX_LIBRARY = "libc++";
				CLANG_ENABLE_MODULES = YES;
				CLANG_ENABLE_OBJC_ARC = YES;
				CLANG_ENABLE_OBJC_WEAK = YES;
				CLANG_WARN_BLOCK_CAPTURE_AUTORELEASING = YES;
				CLANG_WARN_BOOL_CONVERSION = YES;
				CLANG_WARN_COMMA = YES;
				CLANG_WARN_CONSTANT_CONVERSION = YES;
				CLANG_WARN_DEPRECATED_OBJC_IMPLEMENTATIONS = YES;
				CLANG_WARN_DIRECT_OBJC_ISA_USAGE = YES_ERROR;
				CLANG_WARN_DOCUMENTATION_COMMENTS = YES;
				CLANG_WARN_EMPTY_BODY = YES;
				CLANG_WARN_ENUM_CONVERSION = YES;
				CLANG_WARN_INFINITE_RECURSION = YES;
				CLANG_WARN_INT_CONVERSION = YES;
				CLANG_WARN_NON_LITERAL_NULL_CONVERSION = YES;
				CLANG_WARN_OBJC_IMPLICIT_RETAIN_SELF = YES;
				CLANG_WARN_OBJC_LITERAL_CONVERSION = YES;
				CLANG_WARN_OBJC_ROOT_CLASS = YES_ERROR;
				CLANG_WARN_QUOTED_INCLUDE_IN_FRAMEWORK_HEADER = YES;
				CLANG_WARN_RANGE_LOOP_ANALYSIS = YES;
				CLANG_WARN_STRICT_PROTOTYPES = YES;
				CLANG_WARN_SUSPICIOUS_MOVE = YES;
				CLANG_WARN_UNGUARDED_AVAILABILITY = YES_AGGRESSIVE;
				CLANG_WARN_UNREACHABLE_CODE = YES;
				CLANG_WARN__DUPLICATE_METHOD_MATCH = YES;
				COPY_PHASE_STRIP = NO;
				DEBUG_INFORMATION_FORMAT = "dwarf-with-dsym";
				ENABLE_NS_ASSERTIONS = NO;
				ENABLE_STRICT_OBJC_MSGSEND = YES;
				GCC_C_LANGUAGE_STANDARD = gnu11;
				GCC_NO_COMMON_BLOCKS = YES;
				GCC_WARN_64_TO_32_BIT_CONVERSION = YES;
				GCC_WARN_ABOUT_RETURN_TYPE = YES_ERROR;
				GCC_WARN_UNDECLARED_SELECTOR = YES;
				GCC_WARN_UNINITIALIZED_AUTOS = YES_AGGRESSIVE;
				GCC_WARN_UNUSED_FUNCTION = YES;
				GCC_WARN_UNUSED_VARIABLE = YES;
				IPHONEOS_DEPLOYMENT_TARGET = 14.2;
				MTL_ENABLE_DEBUG_INFO = NO;
				MTL_FAST_MATH = YES;
				SDKROOT = iphoneos;
				SWIFT_COMPILATION_MODE = wholemodule;
				SWIFT_OPTIMIZATION_LEVEL = "-O";
				VALIDATE_PRODUCT = YES;
			};
			name = Release;
		};
		396CFCDE25CD7842006BF38F /* Debug */ = {
			isa = XCBuildConfiguration;
			buildSettings = {
				ASSETCATALOG_COMPILER_APPICON_NAME = AppIcon;
				ASSETCATALOG_COMPILER_GLOBAL_ACCENT_COLOR_NAME = AccentColor;
				CODE_SIGN_STYLE = Automatic;
				DEVELOPMENT_TEAM = BK8C3LMCUC;
				INFOPLIST_FILE = GitOp/Info.plist;
				IPHONEOS_DEPLOYMENT_TARGET = 14.2;
				LD_RUNPATH_SEARCH_PATHS = (
					"$(inherited)",
					"@executable_path/Frameworks",
				);
				PRODUCT_BUNDLE_IDENTIFIER = com.brunoalves.GitOp;
				PRODUCT_NAME = "$(TARGET_NAME)";
				SWIFT_VERSION = 5.0;
				TARGETED_DEVICE_FAMILY = "1,2";
			};
			name = Debug;
		};
		396CFCDF25CD7842006BF38F /* Release */ = {
			isa = XCBuildConfiguration;
			buildSettings = {
				ASSETCATALOG_COMPILER_APPICON_NAME = AppIcon;
				ASSETCATALOG_COMPILER_GLOBAL_ACCENT_COLOR_NAME = AccentColor;
				CODE_SIGN_STYLE = Automatic;
				DEVELOPMENT_TEAM = BK8C3LMCUC;
				INFOPLIST_FILE = GitOp/Info.plist;
				IPHONEOS_DEPLOYMENT_TARGET = 14.2;
				LD_RUNPATH_SEARCH_PATHS = (
					"$(inherited)",
					"@executable_path/Frameworks",
				);
				PRODUCT_BUNDLE_IDENTIFIER = com.brunoalves.GitOp;
				PRODUCT_NAME = "$(TARGET_NAME)";
				SWIFT_VERSION = 5.0;
				TARGETED_DEVICE_FAMILY = "1,2";
			};
			name = Release;
		};
/* End XCBuildConfiguration section */

/* Begin XCConfigurationList section */
		396CFCC425CD783F006BF38F /* Build configuration list for PBXProject "GitOp" */ = {
			isa = XCConfigurationList;
			buildConfigurations = (
				396CFCDB25CD7842006BF38F /* Debug */,
				396CFCDC25CD7842006BF38F /* Release */,
			);
			defaultConfigurationIsVisible = 0;
			defaultConfigurationName = Release;
		};
		396CFCDD25CD7842006BF38F /* Build configuration list for PBXNativeTarget "GitOp" */ = {
			isa = XCConfigurationList;
			buildConfigurations = (
				396CFCDE25CD7842006BF38F /* Debug */,
				396CFCDF25CD7842006BF38F /* Release */,
			);
			defaultConfigurationIsVisible = 0;
			defaultConfigurationName = Release;
		};
/* End XCConfigurationList section */
	};
	rootObject = 396CFCC125CD783F006BF38F /* Project object */;
}
